
Microsoft Visual Studio Solution File, Format Version 12.00
# Visual Studio Version 16
VisualStudioVersion = 16.0.30114.105
MinimumVisualStudioVersion = 10.0.40219.1
Project("{FAE04EC0-301F-11D3-BF4B-00C04F79EFBC}") = "API", "API\API.csproj", "{3FAC37CA-7DCE-4B6F-97E2-389BFD3556A9}"
EndProject
Project("{FAE04EC0-301F-11D3-BF4B-00C04F79EFBC}") = "Core", "Core\Core.csproj", "{12CE77EC-4DF2-414B-81D8-08369B7F6273}"
EndProject
Project("{FAE04EC0-301F-11D3-BF4B-00C04F79EFBC}") = "Infrastructure", "Infrastructure\Infrastructure.csproj", "{E4E1C31C-B83A-43F7-A512-AE1A5C736F01}"
EndProject
Global
	GlobalSection(SolutionConfigurationPlatforms) = preSolution
		Debug|Any CPU = Debug|Any CPU
		Release|Any CPU = Release|Any CPU
	EndGlobalSection
	GlobalSection(SolutionProperties) = preSolution
		HideSolutionNode = FALSE
	EndGlobalSection
	GlobalSection(ProjectConfigurationPlatforms) = postSolution
		{3FAC37CA-7DCE-4B6F-97E2-389BFD3556A9}.Debug|Any CPU.ActiveCfg = Debug|Any CPU
		{3FAC37CA-7DCE-4B6F-97E2-389BFD3556A9}.Debug|Any CPU.Build.0 = Debug|Any CPU
		{3FAC37CA-7DCE-4B6F-97E2-389BFD3556A9}.Release|Any CPU.ActiveCfg = Release|Any CPU
		{3FAC37CA-7DCE-4B6F-97E2-389BFD3556A9}.Release|Any CPU.Build.0 = Release|Any CPU
		{12CE77EC-4DF2-414B-81D8-08369B7F6273}.Debug|Any CPU.ActiveCfg = Debug|Any CPU
		{12CE77EC-4DF2-414B-81D8-08369B7F6273}.Debug|Any CPU.Build.0 = Debug|Any CPU
		{12CE77EC-4DF2-414B-81D8-08369B7F6273}.Release|Any CPU.ActiveCfg = Release|Any CPU
		{12CE77EC-4DF2-414B-81D8-08369B7F6273}.Release|Any CPU.Build.0 = Release|Any CPU
		{E4E1C31C-B83A-43F7-A512-AE1A5C736F01}.Debug|Any CPU.ActiveCfg = Debug|Any CPU
		{E4E1C31C-B83A-43F7-A512-AE1A5C736F01}.Debug|Any CPU.Build.0 = Debug|Any CPU
		{E4E1C31C-B83A-43F7-A512-AE1A5C736F01}.Release|Any CPU.ActiveCfg = Release|Any CPU
		{E4E1C31C-B83A-43F7-A512-AE1A5C736F01}.Release|Any CPU.Build.0 = Release|Any CPU
	EndGlobalSection
EndGlobal
